{
  "nodes": {
    "home-manager": {
      "inputs": {
        "nixpkgs": [
          "nixoa-vm",
          "nixpkgs"
        ]
      },
      "locked": {
        "lastModified": 1766553861,
        "narHash": "sha256-ZbnG01yA3O8Yr1vUm3+NQ2qk9iRhS5bloAnuXHHy7+c=",
        "owner": "nix-community",
        "repo": "home-manager",
        "rev": "0999ed8f965bbbd991437ad9c5ed3434cecbc30e",
        "type": "github"
      },
      "original": {
        "owner": "nix-community",
        "ref": "release-25.11",
        "repo": "home-manager",
        "type": "github"
      }
    },
    "libvhdiSrc": {
      "flake": false,
      "locked": {
        "lastModified": 1715232204,
        "narHash": "sha256-V/dJlDJixLPGMZvB5UkLicq9yzXexukqPPhCtgcKiGM=",
        "type": "tarball",
        "url": "https://github.com/libyal/libvhdi/releases/download/20240509/libvhdi-alpha-20240509.tar.gz"
      },
      "original": {
        "type": "tarball",
        "url": "https://github.com/libyal/libvhdi/releases/download/20240509/libvhdi-alpha-20240509.tar.gz"
      }
    },
    "nixoa-vm": {
      "inputs": {
        "home-manager": "home-manager",
        "libvhdiSrc": "libvhdiSrc",
        "nixpkgs": [
          "nixpkgs"
        ],
        "xoSrc": "xoSrc"
      },
      "locked": {
        "narHash": "sha256-T9+Z5LZJeYai/1uHCN/m4/+dCO4OrTrG4mTmtC8daJY=",
        "path": "/etc/nixos/nixoa-vm",
        "type": "path"
      },
      "original": {
        "path": "/etc/nixos/nixoa-vm",
        "type": "path"
      }
    },
    "nixpkgs": {
      "locked": {
        "lastModified": 1772047000,
        "narHash": "sha256-7DaQVv4R97cii/Qdfy4tmDZMB2xxtyIvNGSwXBBhSmo=",
        "owner": "NixOS",
        "repo": "nixpkgs",
        "rev": "1267bb4920d0fc06ea916734c11b0bf004bbe17e",
        "type": "github"
      },
      "original": {
        "owner": "NixOS",
        "ref": "nixos-25.11",
        "repo": "nixpkgs",
        "type": "github"
      }
    },
    "nixpkgs_2": {
      "locked": {
        "lastModified": 1766201043,
        "narHash": "sha256-eplAP+rorKKd0gNjV3rA6+0WMzb1X1i16F5m5pASnjA=",
        "owner": "NixOS",
        "repo": "nixpkgs",
        "rev": "b3aad468604d3e488d627c0b43984eb60e75e782",
        "type": "github"
      },
      "original": {
        "owner": "NixOS",
        "ref": "nixos-25.11",
        "repo": "nixpkgs",
        "type": "github"
      }
    },
    "root": {
      "inputs": {
        "home-manager": [
          "nixoa-vm",
          "home-manager"
        ],
        "nixoa-vm": "nixoa-vm",
        "nixpkgs": "nixpkgs",
        "snitch": "snitch"
      }
    },
    "snitch": {
      "inputs": {
        "nixpkgs": "nixpkgs_2"
      },
      "locked": {
        "lastModified": 1767297494,
        "narHash": "sha256-Ylvs2bXDshwKA1O8dRFCOatXPGYg7yx17pLAj2o78mk=",
        "owner": "karol-broda",
        "repo": "snitch",
        "rev": "57d592408de364bbbef3c89b85458e7cf61fd2e4",
        "type": "github"
      },
      "original": {
        "owner": "karol-broda",
        "repo": "snitch",
        "type": "github"
      }
    },
    "xoSrc": {
      "flake": false,
      "locked": {
        "lastModified": 1766500892,
        "narHash": "sha256-ye/7FVOy5rktdD+OW4yVALyX/dq6KKOxRYFvlWQp9uU=",
        "owner": "vatesfr",
        "repo": "xen-orchestra",
        "rev": "b89c26459cfd301bb92adf0a98a0b2dbab57e487",
        "type": "github"
      },
      "original": {
        "owner": "vatesfr",
        "repo": "xen-orchestra",
        "rev": "b89c26459cfd301bb92adf0a98a0b2dbab57e487",
        "type": "github"
      }
    }
  },
  "root": "root",
  "version": 7
}
